
Microsoft Visual Studio Solution File, Format Version 12.00
# Visual Studio Version 16
VisualStudioVersion = 16.0.29911.84
MinimumVisualStudioVersion = 10.0.40219.1
Project("{8BC9CEB8-8B4A-11D0-8D11-00A0C91BC942}") = "MEMU3", "MEMU3.vcxproj", "{C4E4BE94-B88E-44CD-B8C3-F507EED346EB}"
EndProject
Global
	GlobalSection(SolutionConfigurationPlatforms) = preSolution
		Debug|x64 = Debug|x64
		Debug|x86 = Debug|x86
		Release|x64 = Release|x64
		Release|x86 = Release|x86
	EndGlobalSection
	GlobalSection(ProjectConfigurationPlatforms) = postSolution
		{C4E4BE94-B88E-44CD-B8C3-F507EED346EB}.Debug|x64.ActiveCfg = Debug|x64
		{C4E4BE94-B88E-44CD-B8C3-F507EED346EB}.Debug|x64.Build.0 = Debug|x64
		{C4E4BE94-B88E-44CD-B8C3-F507EED346EB}.Debug|x86.ActiveCfg = Debug|x64
		{C4E4BE94-B88E-44CD-B8C3-F507EED346EB}.Debug|x86.Build.0 = Debug|x64
		{C4E4BE94-B88E-44CD-B8C3-F507EED346EB}.Release|x64.ActiveCfg = Release|x64
		{C4E4BE94-B88E-44CD-B8C3-F507EED346EB}.Release|x64.Build.0 = Release|x64
		{C4E4BE94-B88E-44CD-B8C3-F507EED346EB}.Release|x86.ActiveCfg = Release|Win32
		{C4E4BE94-B88E-44CD-B8C3-F507EED346EB}.Release|x86.Build.0 = Release|Win32
	EndGlobalSection
	GlobalSection(SolutionProperties) = preSolution
		HideSolutionNode = FALSE
	EndGlobalSection
	GlobalSection(ExtensibilityGlobals) = postSolution
		SolutionGuid = {88281DB5-3B4D-4DF4-A742-E92D653199C7}
	EndGlobalSection
EndGlobal
