<?xml version="1.0" encoding="utf-8"?>
<Project ToolsVersion="4.0" xmlns="http://schemas.microsoft.com/developer/msbuild/2003">
  <ItemGroup>
    <Filter Include="Source Files">
      <UniqueIdentifier>{4FC737F1-C7A5-4376-A066-2A32D752A2FF}</UniqueIdentifier>
      <Extensions>cpp;c;cc;cxx;c++;def;odl;idl;hpj;bat;asm;asmx</Extensions>
    </Filter>
    <Filter Include="Header Files">
      <UniqueIdentifier>{93995380-89BD-4b04-88EB-625FBE52EBFB}</UniqueIdentifier>
      <Extensions>h;hh;hpp;hxx;h++;hm;inl;inc;ipp;xsd</Extensions>
    </Filter>
    <Filter Include="Resource Files">
      <UniqueIdentifier>{67DA6AB6-F800-4c08-8B7A-83BB121AAD01}</UniqueIdentifier>
      <Extensions>rc;ico;cur;bmp;dlg;rc2;rct;bin;rgs;gif;jpg;jpeg;jpe;resx;tiff;tif;png;wav;mfcribbon-ms</Extensions>
    </Filter>
    <Filter Include="Configs">
      <UniqueIdentifier>{34ddfcca-c5c0-4c76-a3ac-942b050f65c6}</UniqueIdentifier>
    </Filter>
    <Filter Include="Images">
      <UniqueIdentifier>{110d06ba-1be9-4ef2-aa1d-b890a146d223}</UniqueIdentifier>
    </Filter>
  </ItemGroup>
  <ItemGroup>
    <ClInclude Include="headers\AimAssistant.h">
      <Filter>Header Files</Filter>
    </ClInclude>
    <ClInclude Include="headers\Configuration.h">
      <Filter>Header Files</Filter>
    </ClInclude>
    <ClInclude Include="headers\Coords.h">
      <Filter>Header Files</Filter>
    </ClInclude>
    <ClInclude Include="headers\InputController.h">
      <Filter>Header Files</Filter>
    </ClInclude>
    <ClInclude Include="headers\Manager.h">
      <Filter>Header Files</Filter>
    </ClInclude>
    <ClInclude Include="headers\Overlay.h">
      <Filter>Header Files</Filter>
    </ClInclude>
    <ClInclude Include="headers\Rect.h">
      <Filter>Header Files</Filter>
    </ClInclude>
    <ClInclude Include="headers\ScreenshotData.h">
      <Filter>Header Files</Filter>
    </ClInclude>
    <ClInclude Include="headers\ScreenshotFactory.h">
      <Filter>Header Files</Filter>
    </ClInclude>
    <ClInclude Include="headers\TtlStringCollection.h">
      <Filter>Header Files</Filter>
    </ClInclude>
    <ClInclude Include="headers\Utils.h">
      <Filter>Header Files</Filter>
    </ClInclude>
    <ClInclude Include="resource.h">
      <Filter>Header Files</Filter>
    </ClInclude>
  </ItemGroup>
  <ItemGroup>
    <ClCompile Include="sources\AimAssistant.cpp">
      <Filter>Source Files</Filter>
    </ClCompile>
    <ClCompile Include="sources\Coords.cpp">
      <Filter>Source Files</Filter>
    </ClCompile>
    <ClCompile Include="sources\InputController.cpp">
      <Filter>Source Files</Filter>
    </ClCompile>
    <ClCompile Include="sources\Main.cpp">
      <Filter>Source Files</Filter>
    </ClCompile>
    <ClCompile Include="sources\Manager.cpp">
      <Filter>Source Files</Filter>
    </ClCompile>
    <ClCompile Include="sources\Overlay.cpp">
      <Filter>Source Files</Filter>
    </ClCompile>
    <ClCompile Include="sources\Rect.cpp">
      <Filter>Source Files</Filter>
    </ClCompile>
    <ClCompile Include="sources\ScreenshotData.cpp">
      <Filter>Source Files</Filter>
    </ClCompile>
    <ClCompile Include="sources\ScreenshotFactory.cpp">
      <Filter>Source Files</Filter>
    </ClCompile>
    <ClCompile Include="sources\TtlStringCollection.cpp">
      <Filter>Source Files</Filter>
    </ClCompile>
    <ClCompile Include="sources\Utils.cpp">
      <Filter>Source Files</Filter>
    </ClCompile>
  </ItemGroup>
  <ItemGroup>
    <Image Include="Icons\Aim.bmp">
      <Filter>Images</Filter>
    </Image>
    <Image Include="Icons\Flick.bmp">
      <Filter>Images</Filter>
    </Image>
    <Image Include="Icons\Hanzo.bmp">
      <Filter>Images</Filter>
    </Image>
    <Image Include="Icons\Trigger.bmp">
      <Filter>Images</Filter>
    </Image>
    <Image Include="MEMU3.ico">
      <Filter>Resource Files</Filter>
    </Image>
  </ItemGroup>
  <ItemGroup>
    <None Include="SampleConfigs\MEMU3.config">
      <Filter>Configs</Filter>
    </None>
    <None Include="SampleConfigs\neon.colorset">
      <Filter>Configs</Filter>
    </None>
    <None Include="SampleConfigs\red+neon.colorset">
      <Filter>Configs</Filter>
    </None>
    <None Include="SampleConfigs\red.colorset">
      <Filter>Configs</Filter>
    </None>
  </ItemGroup>
  <ItemGroup>
    <ResourceCompile Include="MEMU3.rc">
      <Filter>Resource Files</Filter>
    </ResourceCompile>
  </ItemGroup>
</Project>